<Solution>
  <Folder Name="/src/">
    <Project Path="src/MyApp/MyApp.csproj" />
  </Folder>
  <Folder Name="/tests/">
    <Project Path="tests/MyApp.UnitTests/MyApp.UnitTests.csproj" />
    <Project Path="tests/MyApp.ConventionTests/MyApp.ConventionTests.csproj" />
    <Project Path="tests/MyApp.IntegrationTests/MyApp.IntegrationTests.csproj" />
  </Folder>
  <!-- benchmarks/ projects are still on the za-clean shape (reference deleted
       MyApp.Application/Domain/Infrastructure). Phase 5 ports them and adds
       them back here. -->
</Solution>
